// !$*UTF8*$!
{
	archiveVersion = 1;
	classes = {
	};
	objectVersion = 56;
	objects = {

/* Begin PBXBuildFile section */
		E5102E4E2C97F59600A036B7 /* AppDelegate.swift in Sources */ = {isa = PBXBuildFile; fileRef = E5102E4D2C97F59600A036B7 /* AppDelegate.swift */; };
		E5102E502C97F59600A036B7 /* SceneDelegate.swift in Sources */ = {isa = PBXBuildFile; fileRef = E5102E4F2C97F59600A036B7 /* SceneDelegate.swift */; };
		E5102E522C97F59600A036B7 /* ViewController.swift in Sources */ = {isa = PBXBuildFile; fileRef = E5102E512C97F59600A036B7 /* ViewController.swift */; };
		E5102E552C97F59600A036B7 /* Base in Resources */ = {isa = PBXBuildFile; fileRef = E5102E542C97F59600A036B7 /* Base */; };
		E5102E572C97F59700A036B7 /* Assets.xcassets in Resources */ = {isa = PBXBuildFile; fileRef = E5102E562C97F59700A036B7 /* Assets.xcassets */; };
		E5102E5A2C97F59700A036B7 /* Base in Resources */ = {isa = PBXBuildFile; fileRef = E5102E592C97F59700A036B7 /* Base */; };
		E5102E602C97F69100A036B7 /* Log.swift in Sources */ = {isa = PBXBuildFile; fileRef = E5C7358B2C97D65E008F1101 /* Log.swift */; };
		E514FD102CA0EBCB00CBFD9B /* SSLogTestsThreadSafe.swift in Sources */ = {isa = PBXBuildFile; fileRef = E514FD0F2CA0EBCB00CBFD9B /* SSLogTestsThreadSafe.swift */; };
		E514FD122CA0EDAC00CBFD9B /* SSLogTestsLoadLargeLog.swift in Sources */ = {isa = PBXBuildFile; fileRef = E514FD112CA0EDAC00CBFD9B /* SSLogTestsLoadLargeLog.swift */; };
		E52F900E2CA7B75B006DBF06 /* SSLogLevelTests.swift in Sources */ = {isa = PBXBuildFile; fileRef = E52F900D2CA7B75B006DBF06 /* SSLogLevelTests.swift */; };
		E5C735762C97D5BB008F1101 /* SSLog.docc in Sources */ = {isa = PBXBuildFile; fileRef = E5C735752C97D5BB008F1101 /* SSLog.docc */; };
		E5C7357C2C97D5BB008F1101 /* SSLog.framework in Frameworks */ = {isa = PBXBuildFile; fileRef = E5C735712C97D5BB008F1101 /* SSLog.framework */; };
		E5C735812C97D5BB008F1101 /* SSLogTests.swift in Sources */ = {isa = PBXBuildFile; fileRef = E5C735802C97D5BB008F1101 /* SSLogTests.swift */; };
		E5C735822C97D5BB008F1101 /* SSLog.h in Headers */ = {isa = PBXBuildFile; fileRef = E5C735742C97D5BB008F1101 /* SSLog.h */; settings = {ATTRIBUTES = (Public, ); }; };
		E5C7358C2C97D65E008F1101 /* Log.swift in Sources */ = {isa = PBXBuildFile; fileRef = E5C7358B2C97D65E008F1101 /* Log.swift */; };
		E5C7358D2C97D65E008F1101 /* Log.swift in Sources */ = {isa = PBXBuildFile; fileRef = E5C7358B2C97D65E008F1101 /* Log.swift */; };
		E5C7358F2C97D78F008F1101 /* SSLog.podspec in Resources */ = {isa = PBXBuildFile; fileRef = E5C7358E2C97D78F008F1101 /* SSLog.podspec */; };
		E5C735912C97DF6B008F1101 /* LICENSE in Resources */ = {isa = PBXBuildFile; fileRef = E5C735902C97DF6B008F1101 /* LICENSE */; };
		E5C735932C97DF81008F1101 /* README.md in Resources */ = {isa = PBXBuildFile; fileRef = E5C735922C97DF81008F1101 /* README.md */; };
		E5DA1E342CCB123A008EC1C7 /* LogListViewController.swift in Sources */ = {isa = PBXBuildFile; fileRef = E5DA1E322CCB1218008EC1C7 /* LogListViewController.swift */; };
		E5DA1E352CCB127F008EC1C7 /* LogListViewController.swift in Sources */ = {isa = PBXBuildFile; fileRef = E5DA1E322CCB1218008EC1C7 /* LogListViewController.swift */; };
		E5DA1E372CCB1740008EC1C7 /* LogDetailViewController.swift in Sources */ = {isa = PBXBuildFile; fileRef = E5DA1E362CCB1740008EC1C7 /* LogDetailViewController.swift */; };
		E5DA1E392CCB17AA008EC1C7 /* LogUtils.swift in Sources */ = {isa = PBXBuildFile; fileRef = E5DA1E382CCB17AA008EC1C7 /* LogUtils.swift */; };
		E5DA1E3A2CCB1874008EC1C7 /* LogUtils.swift in Sources */ = {isa = PBXBuildFile; fileRef = E5DA1E382CCB17AA008EC1C7 /* LogUtils.swift */; };
		E5DA1E3B2CCB1D74008EC1C7 /* LogDetailViewController.swift in Sources */ = {isa = PBXBuildFile; fileRef = E5DA1E362CCB1740008EC1C7 /* LogDetailViewController.swift */; };
/* End PBXBuildFile section */

/* Begin PBXContainerItemProxy section */
		E5C7357D2C97D5BB008F1101 /* PBXContainerItemProxy */ = {
			isa = PBXContainerItemProxy;
			containerPortal = E5C735682C97D5BA008F1101 /* Project object */;
			proxyType = 1;
			remoteGlobalIDString = E5C735702C97D5BA008F1101;
			remoteInfo = SSLog;
		};
/* End PBXContainerItemProxy section */

/* Begin PBXFileReference section */
		E5102E4B2C97F59600A036B7 /* SSLogSampleApp.app */ = {isa = PBXFileReference; explicitFileType = wrapper.application; includeInIndex = 0; path = SSLogSampleApp.app; sourceTree = BUILT_PRODUCTS_DIR; };
		E5102E4D2C97F59600A036B7 /* AppDelegate.swift */ = {isa = PBXFileReference; lastKnownFileType = sourcecode.swift; path = AppDelegate.swift; sourceTree = "<group>"; };
		E5102E4F2C97F59600A036B7 /* SceneDelegate.swift */ = {isa = PBXFileReference; lastKnownFileType = sourcecode.swift; path = SceneDelegate.swift; sourceTree = "<group>"; };
		E5102E512C97F59600A036B7 /* ViewController.swift */ = {isa = PBXFileReference; lastKnownFileType = sourcecode.swift; path = ViewController.swift; sourceTree = "<group>"; };
		E5102E542C97F59600A036B7 /* Base */ = {isa = PBXFileReference; lastKnownFileType = file.storyboard; name = Base; path = Base.lproj/Main.storyboard; sourceTree = "<group>"; };
		E5102E562C97F59700A036B7 /* Assets.xcassets */ = {isa = PBXFileReference; lastKnownFileType = folder.assetcatalog; path = Assets.xcassets; sourceTree = "<group>"; };
		E5102E592C97F59700A036B7 /* Base */ = {isa = PBXFileReference; lastKnownFileType = file.storyboard; name = Base; path = Base.lproj/LaunchScreen.storyboard; sourceTree = "<group>"; };
		E5102E5B2C97F59700A036B7 /* Info.plist */ = {isa = PBXFileReference; lastKnownFileType = text.plist.xml; path = Info.plist; sourceTree = "<group>"; };
		E5102E5F2C97F60000A036B7 /* SSLogSampleApp-Bridging-Header.h */ = {isa = PBXFileReference; lastKnownFileType = sourcecode.c.h; path = "SSLogSampleApp-Bridging-Header.h"; sourceTree = "<group>"; };
		E514FD0F2CA0EBCB00CBFD9B /* SSLogTestsThreadSafe.swift */ = {isa = PBXFileReference; lastKnownFileType = sourcecode.swift; path = SSLogTestsThreadSafe.swift; sourceTree = "<group>"; };
		E514FD112CA0EDAC00CBFD9B /* SSLogTestsLoadLargeLog.swift */ = {isa = PBXFileReference; lastKnownFileType = sourcecode.swift; path = SSLogTestsLoadLargeLog.swift; sourceTree = "<group>"; };
		E52F900D2CA7B75B006DBF06 /* SSLogLevelTests.swift */ = {isa = PBXFileReference; lastKnownFileType = sourcecode.swift; path = SSLogLevelTests.swift; sourceTree = "<group>"; };
		E5C735712C97D5BB008F1101 /* SSLog.framework */ = {isa = PBXFileReference; explicitFileType = wrapper.framework; includeInIndex = 0; path = SSLog.framework; sourceTree = BUILT_PRODUCTS_DIR; };
		E5C735742C97D5BB008F1101 /* SSLog.h */ = {isa = PBXFileReference; lastKnownFileType = sourcecode.c.h; path = SSLog.h; sourceTree = "<group>"; };
		E5C735752C97D5BB008F1101 /* SSLog.docc */ = {isa = PBXFileReference; lastKnownFileType = folder.documentationcatalog; path = SSLog.docc; sourceTree = "<group>"; };
		E5C7357B2C97D5BB008F1101 /* SSLogTests.xctest */ = {isa = PBXFileReference; explicitFileType = wrapper.cfbundle; includeInIndex = 0; path = SSLogTests.xctest; sourceTree = BUILT_PRODUCTS_DIR; };
		E5C735802C97D5BB008F1101 /* SSLogTests.swift */ = {isa = PBXFileReference; lastKnownFileType = sourcecode.swift; path = SSLogTests.swift; sourceTree = "<group>"; };
		E5C7358B2C97D65E008F1101 /* Log.swift */ = {isa = PBXFileReference; lastKnownFileType = sourcecode.swift; path = Log.swift; sourceTree = "<group>"; };
		E5C7358E2C97D78F008F1101 /* SSLog.podspec */ = {isa = PBXFileReference; lastKnownFileType = text; path = SSLog.podspec; sourceTree = "<group>"; };
		E5C735902C97DF6B008F1101 /* LICENSE */ = {isa = PBXFileReference; lastKnownFileType = text; path = LICENSE; sourceTree = "<group>"; };
		E5C735922C97DF81008F1101 /* README.md */ = {isa = PBXFileReference; lastKnownFileType = net.daringfireball.markdown; path = README.md; sourceTree = "<group>"; };
		E5DA1E322CCB1218008EC1C7 /* LogListViewController.swift */ = {isa = PBXFileReference; lastKnownFileType = sourcecode.swift; path = LogListViewController.swift; sourceTree = "<group>"; };
		E5DA1E362CCB1740008EC1C7 /* LogDetailViewController.swift */ = {isa = PBXFileReference; lastKnownFileType = sourcecode.swift; path = LogDetailViewController.swift; sourceTree = "<group>"; };
		E5DA1E382CCB17AA008EC1C7 /* LogUtils.swift */ = {isa = PBXFileReference; lastKnownFileType = sourcecode.swift; path = LogUtils.swift; sourceTree = "<group>"; };
/* End PBXFileReference section */

/* Begin PBXFrameworksBuildPhase section */
		E5102E482C97F59600A036B7 /* Frameworks */ = {
			isa = PBXFrameworksBuildPhase;
			buildActionMask = 2147483647;
			files = (
			);
			runOnlyForDeploymentPostprocessing = 0;
		};
		E5C7356E2C97D5BA008F1101 /* Frameworks */ = {
			isa = PBXFrameworksBuildPhase;
			buildActionMask = 2147483647;
			files = (
			);
			runOnlyForDeploymentPostprocessing = 0;
		};
		E5C735782C97D5BB008F1101 /* Frameworks */ = {
			isa = PBXFrameworksBuildPhase;
			buildActionMask = 2147483647;
			files = (
				E5C7357C2C97D5BB008F1101 /* SSLog.framework in Frameworks */,
			);
			runOnlyForDeploymentPostprocessing = 0;
		};
/* End PBXFrameworksBuildPhase section */

/* Begin PBXGroup section */
		E5102E4C2C97F59600A036B7 /* SSLogSampleApp */ = {
			isa = PBXGroup;
			children = (
				E5102E4D2C97F59600A036B7 /* AppDelegate.swift */,
				E5102E4F2C97F59600A036B7 /* SceneDelegate.swift */,
				E5102E512C97F59600A036B7 /* ViewController.swift */,
				E5102E532C97F59600A036B7 /* Main.storyboard */,
				E5102E562C97F59700A036B7 /* Assets.xcassets */,
				E5102E582C97F59700A036B7 /* LaunchScreen.storyboard */,
				E5102E5B2C97F59700A036B7 /* Info.plist */,
				E5102E5F2C97F60000A036B7 /* SSLogSampleApp-Bridging-Header.h */,
			);
			path = SSLogSampleApp;
			sourceTree = "<group>";
		};
		E5C735672C97D5BA008F1101 = {
			isa = PBXGroup;
			children = (
				E5C7358E2C97D78F008F1101 /* SSLog.podspec */,
				E5C735922C97DF81008F1101 /* README.md */,
				E5C735902C97DF6B008F1101 /* LICENSE */,
				E5C735732C97D5BB008F1101 /* SSLog */,
				E5C7357F2C97D5BB008F1101 /* SSLogTests */,
				E5102E4C2C97F59600A036B7 /* SSLogSampleApp */,
				E5C735722C97D5BB008F1101 /* Products */,
			);
			sourceTree = "<group>";
		};
		E5C735722C97D5BB008F1101 /* Products */ = {
			isa = PBXGroup;
			children = (
				E5C735712C97D5BB008F1101 /* SSLog.framework */,
				E5C7357B2C97D5BB008F1101 /* SSLogTests.xctest */,
				E5102E4B2C97F59600A036B7 /* SSLogSampleApp.app */,
			);
			name = Products;
			sourceTree = "<group>";
		};
		E5C735732C97D5BB008F1101 /* SSLog */ = {
			isa = PBXGroup;
			children = (
				E5C735742C97D5BB008F1101 /* SSLog.h */,
				E5C735752C97D5BB008F1101 /* SSLog.docc */,
				E5C7358B2C97D65E008F1101 /* Log.swift */,
				E5DA1E382CCB17AA008EC1C7 /* LogUtils.swift */,
				E5DA1E322CCB1218008EC1C7 /* LogListViewController.swift */,
				E5DA1E362CCB1740008EC1C7 /* LogDetailViewController.swift */,
			);
			path = SSLog;
			sourceTree = "<group>";
		};
		E5C7357F2C97D5BB008F1101 /* SSLogTests */ = {
			isa = PBXGroup;
			children = (
				E5C735802C97D5BB008F1101 /* SSLogTests.swift */,
				E514FD0F2CA0EBCB00CBFD9B /* SSLogTestsThreadSafe.swift */,
				E514FD112CA0EDAC00CBFD9B /* SSLogTestsLoadLargeLog.swift */,
				E52F900D2CA7B75B006DBF06 /* SSLogLevelTests.swift */,
			);
			path = SSLogTests;
			sourceTree = "<group>";
		};
/* End PBXGroup section */

/* Begin PBXHeadersBuildPhase section */
		E5C7356C2C97D5BA008F1101 /* Headers */ = {
			isa = PBXHeadersBuildPhase;
			buildActionMask = 2147483647;
			files = (
				E5C735822C97D5BB008F1101 /* SSLog.h in Headers */,
			);
			runOnlyForDeploymentPostprocessing = 0;
		};
/* End PBXHeadersBuildPhase section */

/* Begin PBXNativeTarget section */
		E5102E4A2C97F59600A036B7 /* SSLogSampleApp */ = {
			isa = PBXNativeTarget;
			buildConfigurationList = E5102E5E2C97F59700A036B7 /* Build configuration list for PBXNativeTarget "SSLogSampleApp" */;
			buildPhases = (
				E5102E472C97F59600A036B7 /* Sources */,
				E5102E482C97F59600A036B7 /* Frameworks */,
				E5102E492C97F59600A036B7 /* Resources */,
			);
			buildRules = (
			);
			dependencies = (
			);
			name = SSLogSampleApp;
			productName = SSLogSampleApp;
			productReference = E5102E4B2C97F59600A036B7 /* SSLogSampleApp.app */;
			productType = "com.apple.product-type.application";
		};
		E5C735702C97D5BA008F1101 /* SSLog */ = {
			isa = PBXNativeTarget;
			buildConfigurationList = E5C735852C97D5BB008F1101 /* Build configuration list for PBXNativeTarget "SSLog" */;
			buildPhases = (
				E5C7356C2C97D5BA008F1101 /* Headers */,
				E5C7356D2C97D5BA008F1101 /* Sources */,
				E5C7356E2C97D5BA008F1101 /* Frameworks */,
				E5C7356F2C97D5BA008F1101 /* Resources */,
			);
			buildRules = (
			);
			dependencies = (
			);
			name = SSLog;
			productName = SSLog;
			productReference = E5C735712C97D5BB008F1101 /* SSLog.framework */;
			productType = "com.apple.product-type.framework";
		};
		E5C7357A2C97D5BB008F1101 /* SSLogTests */ = {
			isa = PBXNativeTarget;
			buildConfigurationList = E5C735882C97D5BB008F1101 /* Build configuration list for PBXNativeTarget "SSLogTests" */;
			buildPhases = (
				E5C735772C97D5BB008F1101 /* Sources */,
				E5C735782C97D5BB008F1101 /* Frameworks */,
				E5C735792C97D5BB008F1101 /* Resources */,
			);
			buildRules = (
			);
			dependencies = (
				E5C7357E2C97D5BB008F1101 /* PBXTargetDependency */,
			);
			name = SSLogTests;
			productName = SSLogTests;
			productReference = E5C7357B2C97D5BB008F1101 /* SSLogTests.xctest */;
			productType = "com.apple.product-type.bundle.unit-test";
		};
/* End PBXNativeTarget section */

/* Begin PBXProject section */
		E5C735682C97D5BA008F1101 /* Project object */ = {
			isa = PBXProject;
			attributes = {
				BuildIndependentTargetsInParallel = 1;
				LastSwiftUpdateCheck = 1540;
				LastUpgradeCheck = 1540;
				TargetAttributes = {
					E5102E4A2C97F59600A036B7 = {
						CreatedOnToolsVersion = 15.4;
					};
					E5C735702C97D5BA008F1101 = {
						CreatedOnToolsVersion = 15.4;
					};
					E5C7357A2C97D5BB008F1101 = {
						CreatedOnToolsVersion = 15.4;
					};
				};
			};
			buildConfigurationList = E5C7356B2C97D5BA008F1101 /* Build configuration list for PBXProject "SSLog" */;
			compatibilityVersion = "Xcode 14.0";
			developmentRegion = en;
			hasScannedForEncodings = 0;
			knownRegions = (
				en,
				Base,
			);
			mainGroup = E5C735672C97D5BA008F1101;
			productRefGroup = E5C735722C97D5BB008F1101 /* Products */;
			projectDirPath = "";
			projectRoot = "";
			targets = (
				E5C735702C97D5BA008F1101 /* SSLog */,
				E5C7357A2C97D5BB008F1101 /* SSLogTests */,
				E5102E4A2C97F59600A036B7 /* SSLogSampleApp */,
			);
		};
/* End PBXProject section */

/* Begin PBXResourcesBuildPhase section */
		E5102E492C97F59600A036B7 /* Resources */ = {
			isa = PBXResourcesBuildPhase;
			buildActionMask = 2147483647;
			files = (
				E5102E572C97F59700A036B7 /* Assets.xcassets in Resources */,
				E5102E5A2C97F59700A036B7 /* Base in Resources */,
				E5102E552C97F59600A036B7 /* Base in Resources */,
			);
			runOnlyForDeploymentPostprocessing = 0;
		};
		E5C7356F2C97D5BA008F1101 /* Resources */ = {
			isa = PBXResourcesBuildPhase;
			buildActionMask = 2147483647;
			files = (
				E5C735932C97DF81008F1101 /* README.md in Resources */,
				E5C735912C97DF6B008F1101 /* LICENSE in Resources */,
				E5C7358F2C97D78F008F1101 /* SSLog.podspec in Resources */,
			);
			runOnlyForDeploymentPostprocessing = 0;
		};
		E5C735792C97D5BB008F1101 /* Resources */ = {
			isa = PBXResourcesBuildPhase;
			buildActionMask = 2147483647;
			files = (
			);
			runOnlyForDeploymentPostprocessing = 0;
		};
/* End PBXResourcesBuildPhase section */

/* Begin PBXSourcesBuildPhase section */
		E5102E472C97F59600A036B7 /* Sources */ = {
			isa = PBXSourcesBuildPhase;
			buildActionMask = 2147483647;
			files = (
				E5DA1E3A2CCB1874008EC1C7 /* LogUtils.swift in Sources */,
				E5DA1E3B2CCB1D74008EC1C7 /* LogDetailViewController.swift in Sources */,
				E5102E522C97F59600A036B7 /* ViewController.swift in Sources */,
				E5102E4E2C97F59600A036B7 /* AppDelegate.swift in Sources */,
				E5102E602C97F69100A036B7 /* Log.swift in Sources */,
				E5DA1E342CCB123A008EC1C7 /* LogListViewController.swift in Sources */,
				E5102E502C97F59600A036B7 /* SceneDelegate.swift in Sources */,
			);
			runOnlyForDeploymentPostprocessing = 0;
		};
		E5C7356D2C97D5BA008F1101 /* Sources */ = {
			isa = PBXSourcesBuildPhase;
			buildActionMask = 2147483647;
			files = (
				E5DA1E392CCB17AA008EC1C7 /* LogUtils.swift in Sources */,
				E5DA1E372CCB1740008EC1C7 /* LogDetailViewController.swift in Sources */,
				E5C7358C2C97D65E008F1101 /* Log.swift in Sources */,
				E5DA1E352CCB127F008EC1C7 /* LogListViewController.swift in Sources */,
				E5C735762C97D5BB008F1101 /* SSLog.docc in Sources */,
			);
			runOnlyForDeploymentPostprocessing = 0;
		};
		E5C735772C97D5BB008F1101 /* Sources */ = {
			isa = PBXSourcesBuildPhase;
			buildActionMask = 2147483647;
			files = (
				E514FD102CA0EBCB00CBFD9B /* SSLogTestsThreadSafe.swift in Sources */,
				E52F900E2CA7B75B006DBF06 /* SSLogLevelTests.swift in Sources */,
				E5C7358D2C97D65E008F1101 /* Log.swift in Sources */,
				E5C735812C97D5BB008F1101 /* SSLogTests.swift in Sources */,
				E514FD122CA0EDAC00CBFD9B /* SSLogTestsLoadLargeLog.swift in Sources */,
			);
			runOnlyForDeploymentPostprocessing = 0;
		};
/* End PBXSourcesBuildPhase section */

/* Begin PBXTargetDependency section */
		E5C7357E2C97D5BB008F1101 /* PBXTargetDependency */ = {
			isa = PBXTargetDependency;
			target = E5C735702C97D5BA008F1101 /* SSLog */;
			targetProxy = E5C7357D2C97D5BB008F1101 /* PBXContainerItemProxy */;
		};
/* End PBXTargetDependency section */

/* Begin PBXVariantGroup section */
		E5102E532C97F59600A036B7 /* Main.storyboard */ = {
			isa = PBXVariantGroup;
			children = (
				E5102E542C97F59600A036B7 /* Base */,
			);
			name = Main.storyboard;
			sourceTree = "<group>";
		};
		E5102E582C97F59700A036B7 /* LaunchScreen.storyboard */ = {
			isa = PBXVariantGroup;
			children = (
				E5102E592C97F59700A036B7 /* Base */,
			);
			name = LaunchScreen.storyboard;
			sourceTree = "<group>";
		};
/* End PBXVariantGroup section */

/* Begin XCBuildConfiguration section */
		E5102E5C2C97F59700A036B7 /* Debug */ = {
			isa = XCBuildConfiguration;
			buildSettings = {
				ASSETCATALOG_COMPILER_APPICON_NAME = AppIcon;
				ASSETCATALOG_COMPILER_GLOBAL_ACCENT_COLOR_NAME = AccentColor;
				CODE_SIGN_STYLE = Automatic;
				CURRENT_PROJECT_VERSION = 1;
				DEVELOPMENT_TEAM = TNNPKNN4HZ;
				GENERATE_INFOPLIST_FILE = YES;
				INFOPLIST_FILE = SSLogSampleApp/Info.plist;
				INFOPLIST_KEY_UIApplicationSupportsIndirectInputEvents = YES;
				INFOPLIST_KEY_UILaunchStoryboardName = LaunchScreen;
				INFOPLIST_KEY_UIMainStoryboardFile = Main;
				INFOPLIST_KEY_UISupportedInterfaceOrientations_iPad = "UIInterfaceOrientationPortrait UIInterfaceOrientationPortraitUpsideDown UIInterfaceOrientationLandscapeLeft UIInterfaceOrientationLandscapeRight";
				INFOPLIST_KEY_UISupportedInterfaceOrientations_iPhone = "UIInterfaceOrientationPortrait UIInterfaceOrientationLandscapeLeft UIInterfaceOrientationLandscapeRight";
				IPHONEOS_DEPLOYMENT_TARGET = 13.0;
				LD_RUNPATH_SEARCH_PATHS = (
					"$(inherited)",
					"@executable_path/Frameworks",
				);
				MARKETING_VERSION = 1.0;
				PRODUCT_BUNDLE_IDENTIFIER = com.apppppp.SSLogSampleApp;
				PRODUCT_NAME = "$(TARGET_NAME)";
				SWIFT_EMIT_LOC_STRINGS = YES;
				SWIFT_OBJC_BRIDGING_HEADER = "SSLogSampleApp/SSLogSampleApp-Bridging-Header.h";
				SWIFT_VERSION = 5.0;
				TARGETED_DEVICE_FAMILY = "1,2";
			};
			name = Debug;
		};
		E5102E5D2C97F59700A036B7 /* Release */ = {
			isa = XCBuildConfiguration;
			buildSettings = {
				ASSETCATALOG_COMPILER_APPICON_NAME = AppIcon;
				ASSETCATALOG_COMPILER_GLOBAL_ACCENT_COLOR_NAME = AccentColor;
				CODE_SIGN_STYLE = Automatic;
				CURRENT_PROJECT_VERSION = 1;
				DEVELOPMENT_TEAM = TNNPKNN4HZ;
				GENERATE_INFOPLIST_FILE = YES;
				INFOPLIST_FILE = SSLogSampleApp/Info.plist;
				INFOPLIST_KEY_UIApplicationSupportsIndirectInputEvents = YES;
				INFOPLIST_KEY_UILaunchStoryboardName = LaunchScreen;
				INFOPLIST_KEY_UIMainStoryboardFile = Main;
				INFOPLIST_KEY_UISupportedInterfaceOrientations_iPad = "UIInterfaceOrientationPortrait UIInterfaceOrientationPortraitUpsideDown UIInterfaceOrientationLandscapeLeft UIInterfaceOrientationLandscapeRight";
				INFOPLIST_KEY_UISupportedInterfaceOrientations_iPhone = "UIInterfaceOrientationPortrait UIInterfaceOrientationLandscapeLeft UIInterfaceOrientationLandscapeRight";
				IPHONEOS_DEPLOYMENT_TARGET = 13.0;
				LD_RUNPATH_SEARCH_PATHS = (
					"$(inherited)",
					"@executable_path/Frameworks",
				);
				MARKETING_VERSION = 1.0;
				PRODUCT_BUNDLE_IDENTIFIER = com.apppppp.SSLogSampleApp;
				PRODUCT_NAME = "$(TARGET_NAME)";
				SWIFT_EMIT_LOC_STRINGS = YES;
				SWIFT_OBJC_BRIDGING_HEADER = "SSLogSampleApp/SSLogSampleApp-Bridging-Header.h";
				SWIFT_VERSION = 5.0;
				TARGETED_DEVICE_FAMILY = "1,2";
			};
			name = Release;
		};
		E5C735832C97D5BB008F1101 /* Debug */ = {
			isa = XCBuildConfiguration;
			buildSettings = {
				ALWAYS_SEARCH_USER_PATHS = NO;
				ASSETCATALOG_COMPILER_GENERATE_SWIFT_ASSET_SYMBOL_EXTENSIONS = YES;
				CLANG_ANALYZER_NONNULL = YES;
				CLANG_ANALYZER_NUMBER_OBJECT_CONVERSION = YES_AGGRESSIVE;
				CLANG_CXX_LANGUAGE_STANDARD = "gnu++20";
				CLANG_ENABLE_MODULES = YES;
				CLANG_ENABLE_OBJC_ARC = YES;
				CLANG_ENABLE_OBJC_WEAK = YES;
				CLANG_WARN_BLOCK_CAPTURE_AUTORELEASING = YES;
				CLANG_WARN_BOOL_CONVERSION = YES;
				CLANG_WARN_COMMA = YES;
				CLANG_WARN_CONSTANT_CONVERSION = YES;
				CLANG_WARN_DEPRECATED_OBJC_IMPLEMENTATIONS = YES;
				CLANG_WARN_DIRECT_OBJC_ISA_USAGE = YES_ERROR;
				CLANG_WARN_DOCUMENTATION_COMMENTS = YES;
				CLANG_WARN_EMPTY_BODY = YES;
				CLANG_WARN_ENUM_CONVERSION = YES;
				CLANG_WARN_INFINITE_RECURSION = YES;
				CLANG_WARN_INT_CONVERSION = YES;
				CLANG_WARN_NON_LITERAL_NULL_CONVERSION = YES;
				CLANG_WARN_OBJC_IMPLICIT_RETAIN_SELF = YES;
				CLANG_WARN_OBJC_LITERAL_CONVERSION = YES;
				CLANG_WARN_OBJC_ROOT_CLASS = YES_ERROR;
				CLANG_WARN_QUOTED_INCLUDE_IN_FRAMEWORK_HEADER = YES;
				CLANG_WARN_RANGE_LOOP_ANALYSIS = YES;
				CLANG_WARN_STRICT_PROTOTYPES = YES;
				CLANG_WARN_SUSPICIOUS_MOVE = YES;
				CLANG_WARN_UNGUARDED_AVAILABILITY = YES_AGGRESSIVE;
				CLANG_WARN_UNREACHABLE_CODE = YES;
				CLANG_WARN__DUPLICATE_METHOD_MATCH = YES;
				COPY_PHASE_STRIP = NO;
				CURRENT_PROJECT_VERSION = 1;
				DEBUG_INFORMATION_FORMAT = dwarf;
				ENABLE_STRICT_OBJC_MSGSEND = YES;
				ENABLE_TESTABILITY = YES;
				ENABLE_USER_SCRIPT_SANDBOXING = YES;
				GCC_C_LANGUAGE_STANDARD = gnu17;
				GCC_DYNAMIC_NO_PIC = NO;
				GCC_NO_COMMON_BLOCKS = YES;
				GCC_OPTIMIZATION_LEVEL = 0;
				GCC_PREPROCESSOR_DEFINITIONS = (
					"DEBUG=1",
					"$(inherited)",
				);
				GCC_WARN_64_TO_32_BIT_CONVERSION = YES;
				GCC_WARN_ABOUT_RETURN_TYPE = YES_ERROR;
				GCC_WARN_UNDECLARED_SELECTOR = YES;
				GCC_WARN_UNINITIALIZED_AUTOS = YES_AGGRESSIVE;
				GCC_WARN_UNUSED_FUNCTION = YES;
				GCC_WARN_UNUSED_VARIABLE = YES;
				IPHONEOS_DEPLOYMENT_TARGET = 17.5;
				LOCALIZATION_PREFERS_STRING_CATALOGS = YES;
				MTL_ENABLE_DEBUG_INFO = INCLUDE_SOURCE;
				MTL_FAST_MATH = YES;
				ONLY_ACTIVE_ARCH = YES;
				SDKROOT = iphoneos;
				SWIFT_ACTIVE_COMPILATION_CONDITIONS = "DEBUG $(inherited)";
				SWIFT_OPTIMIZATION_LEVEL = "-Onone";
				VERSIONING_SYSTEM = "apple-generic";
				VERSION_INFO_PREFIX = "";
			};
			name = Debug;
		};
		E5C735842C97D5BB008F1101 /* Release */ = {
			isa = XCBuildConfiguration;
			buildSettings = {
				ALWAYS_SEARCH_USER_PATHS = NO;
				ASSETCATALOG_COMPILER_GENERATE_SWIFT_ASSET_SYMBOL_EXTENSIONS = YES;
				CLANG_ANALYZER_NONNULL = YES;
				CLANG_ANALYZER_NUMBER_OBJECT_CONVERSION = YES_AGGRESSIVE;
				CLANG_CXX_LANGUAGE_STANDARD = "gnu++20";
				CLANG_ENABLE_MODULES = YES;
				CLANG_ENABLE_OBJC_ARC = YES;
				CLANG_ENABLE_OBJC_WEAK = YES;
				CLANG_WARN_BLOCK_CAPTURE_AUTORELEASING = YES;
				CLANG_WARN_BOOL_CONVERSION = YES;
				CLANG_WARN_COMMA = YES;
				CLANG_WARN_CONSTANT_CONVERSION = YES;
				CLANG_WARN_DEPRECATED_OBJC_IMPLEMENTATIONS = YES;
				CLANG_WARN_DIRECT_OBJC_ISA_USAGE = YES_ERROR;
				CLANG_WARN_DOCUMENTATION_COMMENTS = YES;
				CLANG_WARN_EMPTY_BODY = YES;
				CLANG_WARN_ENUM_CONVERSION = YES;
				CLANG_WARN_INFINITE_RECURSION = YES;
				CLANG_WARN_INT_CONVERSION = YES;
				CLANG_WARN_NON_LITERAL_NULL_CONVERSION = YES;
				CLANG_WARN_OBJC_IMPLICIT_RETAIN_SELF = YES;
				CLANG_WARN_OBJC_LITERAL_CONVERSION = YES;
				CLANG_WARN_OBJC_ROOT_CLASS = YES_ERROR;
				CLANG_WARN_QUOTED_INCLUDE_IN_FRAMEWORK_HEADER = YES;
				CLANG_WARN_RANGE_LOOP_ANALYSIS = YES;
				CLANG_WARN_STRICT_PROTOTYPES = YES;
				CLANG_WARN_SUSPICIOUS_MOVE = YES;
				CLANG_WARN_UNGUARDED_AVAILABILITY = YES_AGGRESSIVE;
				CLANG_WARN_UNREACHABLE_CODE = YES;
				CLANG_WARN__DUPLICATE_METHOD_MATCH = YES;
				COPY_PHASE_STRIP = NO;
				CURRENT_PROJECT_VERSION = 1;
				DEBUG_INFORMATION_FORMAT = "dwarf-with-dsym";
				ENABLE_NS_ASSERTIONS = NO;
				ENABLE_STRICT_OBJC_MSGSEND = YES;
				ENABLE_USER_SCRIPT_SANDBOXING = YES;
				GCC_C_LANGUAGE_STANDARD = gnu17;
				GCC_NO_COMMON_BLOCKS = YES;
				GCC_WARN_64_TO_32_BIT_CONVERSION = YES;
				GCC_WARN_ABOUT_RETURN_TYPE = YES_ERROR;
				GCC_WARN_UNDECLARED_SELECTOR = YES;
				GCC_WARN_UNINITIALIZED_AUTOS = YES_AGGRESSIVE;
				GCC_WARN_UNUSED_FUNCTION = YES;
				GCC_WARN_UNUSED_VARIABLE = YES;
				IPHONEOS_DEPLOYMENT_TARGET = 17.5;
				LOCALIZATION_PREFERS_STRING_CATALOGS = YES;
				MTL_ENABLE_DEBUG_INFO = NO;
				MTL_FAST_MATH = YES;
				SDKROOT = iphoneos;
				SWIFT_COMPILATION_MODE = wholemodule;
				VALIDATE_PRODUCT = YES;
				VERSIONING_SYSTEM = "apple-generic";
				VERSION_INFO_PREFIX = "";
			};
			name = Release;
		};
		E5C735862C97D5BB008F1101 /* Debug */ = {
			isa = XCBuildConfiguration;
			buildSettings = {
				BUILD_LIBRARY_FOR_DISTRIBUTION = YES;
				CODE_SIGN_STYLE = Automatic;
				CURRENT_PROJECT_VERSION = 1;
				DEFINES_MODULE = YES;
				DEVELOPMENT_TEAM = TNNPKNN4HZ;
				DYLIB_COMPATIBILITY_VERSION = 1;
				DYLIB_CURRENT_VERSION = 1;
				DYLIB_INSTALL_NAME_BASE = "@rpath";
				ENABLE_MODULE_VERIFIER = YES;
				GENERATE_INFOPLIST_FILE = YES;
				INFOPLIST_KEY_NSHumanReadableCopyright = "";
				INSTALL_PATH = "$(LOCAL_LIBRARY_DIR)/Frameworks";
				IPHONEOS_DEPLOYMENT_TARGET = 12.0;
				LD_RUNPATH_SEARCH_PATHS = (
					"$(inherited)",
					"@executable_path/Frameworks",
					"@loader_path/Frameworks",
				);
				MARKETING_VERSION = 1.0;
				MODULE_VERIFIER_SUPPORTED_LANGUAGES = "objective-c objective-c++";
				MODULE_VERIFIER_SUPPORTED_LANGUAGE_STANDARDS = "gnu17 gnu++20";
				PRODUCT_BUNDLE_IDENTIFIER = com.apppppp.SSLog;
				PRODUCT_NAME = "$(TARGET_NAME:c99extidentifier)";
				SKIP_INSTALL = YES;
				SUPPORTED_PLATFORMS = "iphoneos iphonesimulator";
				SUPPORTS_MACCATALYST = NO;
				SUPPORTS_MAC_DESIGNED_FOR_IPHONE_IPAD = NO;
				SUPPORTS_XR_DESIGNED_FOR_IPHONE_IPAD = NO;
				SWIFT_EMIT_LOC_STRINGS = YES;
				SWIFT_INSTALL_OBJC_HEADER = NO;
				SWIFT_VERSION = 5.0;
				TARGETED_DEVICE_FAMILY = "1,2";
			};
			name = Debug;
		};
		E5C735872C97D5BB008F1101 /* Release */ = {
			isa = XCBuildConfiguration;
			buildSettings = {
				BUILD_LIBRARY_FOR_DISTRIBUTION = YES;
				CODE_SIGN_STYLE = Automatic;
				CURRENT_PROJECT_VERSION = 1;
				DEFINES_MODULE = YES;
				DEVELOPMENT_TEAM = TNNPKNN4HZ;
				DYLIB_COMPATIBILITY_VERSION = 1;
				DYLIB_CURRENT_VERSION = 1;
				DYLIB_INSTALL_NAME_BASE = "@rpath";
				ENABLE_MODULE_VERIFIER = YES;
				GENERATE_INFOPLIST_FILE = YES;
				INFOPLIST_KEY_NSHumanReadableCopyright = "";
				INSTALL_PATH = "$(LOCAL_LIBRARY_DIR)/Frameworks";
				IPHONEOS_DEPLOYMENT_TARGET = 12.0;
				LD_RUNPATH_SEARCH_PATHS = (
					"$(inherited)",
					"@executable_path/Frameworks",
					"@loader_path/Frameworks",
				);
				MARKETING_VERSION = 1.0;
				MODULE_VERIFIER_SUPPORTED_LANGUAGES = "objective-c objective-c++";
				MODULE_VERIFIER_SUPPORTED_LANGUAGE_STANDARDS = "gnu17 gnu++20";
				PRODUCT_BUNDLE_IDENTIFIER = com.apppppp.SSLog;
				PRODUCT_NAME = "$(TARGET_NAME:c99extidentifier)";
				SKIP_INSTALL = YES;
				SUPPORTED_PLATFORMS = "iphoneos iphonesimulator";
				SUPPORTS_MACCATALYST = NO;
				SUPPORTS_MAC_DESIGNED_FOR_IPHONE_IPAD = NO;
				SUPPORTS_XR_DESIGNED_FOR_IPHONE_IPAD = NO;
				SWIFT_EMIT_LOC_STRINGS = YES;
				SWIFT_INSTALL_OBJC_HEADER = NO;
				SWIFT_VERSION = 5.0;
				TARGETED_DEVICE_FAMILY = "1,2";
			};
			name = Release;
		};
		E5C735892C97D5BB008F1101 /* Debug */ = {
			isa = XCBuildConfiguration;
			buildSettings = {
				ALWAYS_EMBED_SWIFT_STANDARD_LIBRARIES = YES;
				CODE_SIGN_STYLE = Automatic;
				CURRENT_PROJECT_VERSION = 1;
				DEVELOPMENT_TEAM = TNNPKNN4HZ;
				GENERATE_INFOPLIST_FILE = YES;
				IPHONEOS_DEPLOYMENT_TARGET = 12.0;
				MARKETING_VERSION = 1.0;
				PRODUCT_BUNDLE_IDENTIFIER = com.apppppp.SSLogTests;
				PRODUCT_NAME = "$(TARGET_NAME)";
				SUPPORTED_PLATFORMS = "iphoneos iphonesimulator";
				SUPPORTS_MACCATALYST = NO;
				SUPPORTS_MAC_DESIGNED_FOR_IPHONE_IPAD = NO;
				SUPPORTS_XR_DESIGNED_FOR_IPHONE_IPAD = NO;
				SWIFT_EMIT_LOC_STRINGS = NO;
				SWIFT_VERSION = 5.0;
				TARGETED_DEVICE_FAMILY = "1,2";
			};
			name = Debug;
		};
		E5C7358A2C97D5BB008F1101 /* Release */ = {
			isa = XCBuildConfiguration;
			buildSettings = {
				ALWAYS_EMBED_SWIFT_STANDARD_LIBRARIES = YES;
				CODE_SIGN_STYLE = Automatic;
				CURRENT_PROJECT_VERSION = 1;
				DEVELOPMENT_TEAM = TNNPKNN4HZ;
				GENERATE_INFOPLIST_FILE = YES;
				IPHONEOS_DEPLOYMENT_TARGET = 12.0;
				MARKETING_VERSION = 1.0;
				PRODUCT_BUNDLE_IDENTIFIER = com.apppppp.SSLogTests;
				PRODUCT_NAME = "$(TARGET_NAME)";
				SUPPORTED_PLATFORMS = "iphoneos iphonesimulator";
				SUPPORTS_MACCATALYST = NO;
				SUPPORTS_MAC_DESIGNED_FOR_IPHONE_IPAD = NO;
				SUPPORTS_XR_DESIGNED_FOR_IPHONE_IPAD = NO;
				SWIFT_EMIT_LOC_STRINGS = NO;
				SWIFT_VERSION = 5.0;
				TARGETED_DEVICE_FAMILY = "1,2";
			};
			name = Release;
		};
/* End XCBuildConfiguration section */

/* Begin XCConfigurationList section */
		E5102E5E2C97F59700A036B7 /* Build configuration list for PBXNativeTarget "SSLogSampleApp" */ = {
			isa = XCConfigurationList;
			buildConfigurations = (
				E5102E5C2C97F59700A036B7 /* Debug */,
				E5102E5D2C97F59700A036B7 /* Release */,
			);
			defaultConfigurationIsVisible = 0;
			defaultConfigurationName = Release;
		};
		E5C7356B2C97D5BA008F1101 /* Build configuration list for PBXProject "SSLog" */ = {
			isa = XCConfigurationList;
			buildConfigurations = (
				E5C735832C97D5BB008F1101 /* Debug */,
				E5C735842C97D5BB008F1101 /* Release */,
			);
			defaultConfigurationIsVisible = 0;
			defaultConfigurationName = Release;
		};
		E5C735852C97D5BB008F1101 /* Build configuration list for PBXNativeTarget "SSLog" */ = {
			isa = XCConfigurationList;
			buildConfigurations = (
				E5C735862C97D5BB008F1101 /* Debug */,
				E5C735872C97D5BB008F1101 /* Release */,
			);
			defaultConfigurationIsVisible = 0;
			defaultConfigurationName = Release;
		};
		E5C735882C97D5BB008F1101 /* Build configuration list for PBXNativeTarget "SSLogTests" */ = {
			isa = XCConfigurationList;
			buildConfigurations = (
				E5C735892C97D5BB008F1101 /* Debug */,
				E5C7358A2C97D5BB008F1101 /* Release */,
			);
			defaultConfigurationIsVisible = 0;
			defaultConfigurationName = Release;
		};
/* End XCConfigurationList section */
	};
	rootObject = E5C735682C97D5BA008F1101 /* Project object */;
}
